// !$*UTF8*$!
{
	archiveVersion = 1;
	classes = {
	};
	objectVersion = 52;
	objects = {

/* Begin PBXBuildFile section */
		841B65B81DAADF9A88449508 /* Pods_organaizer.framework in Frameworks */ = {isa = PBXBuildFile; fileRef = 9A3AC08A26A64AE98F8F500A /* Pods_organaizer.framework */; };
		A62C0E2026B812F9003FD884 /* ColorsTableViewCell.swift in Sources */ = {isa = PBXBuildFile; fileRef = A62C0E1F26B812F9003FD884 /* ColorsTableViewCell.swift */; };
		A62C0E2226B8183C003FD884 /* TasksOptionsTableViewController.swift in Sources */ = {isa = PBXBuildFile; fileRef = A62C0E2126B8183C003FD884 /* TasksOptionsTableViewController.swift */; };
		A62C0E2626B8258B003FD884 /* TaskColorsTableViewController.swift in Sources */ = {isa = PBXBuildFile; fileRef = A62C0E2526B8258B003FD884 /* TaskColorsTableViewController.swift */; };
		A62C0E2926B875B6003FD884 /* ContactsTableViewCell.swift in Sources */ = {isa = PBXBuildFile; fileRef = A62C0E2826B875B6003FD884 /* ContactsTableViewCell.swift */; };
		A62C0E2B26B8B267003FD884 /* ContactsOptionsTableViewController.swift in Sources */ = {isa = PBXBuildFile; fileRef = A62C0E2A26B8B267003FD884 /* ContactsOptionsTableViewController.swift */; };
		A62C0E2D26B9724E003FD884 /* AlertFriendOrTecher.swift in Sources */ = {isa = PBXBuildFile; fileRef = A62C0E2C26B9724E003FD884 /* AlertFriendOrTecher.swift */; };
		A665286626A85290008D78E0 /* AppDelegate.swift in Sources */ = {isa = PBXBuildFile; fileRef = A665286526A85290008D78E0 /* AppDelegate.swift */; };
		A665286826A85290008D78E0 /* SceneDelegate.swift in Sources */ = {isa = PBXBuildFile; fileRef = A665286726A85290008D78E0 /* SceneDelegate.swift */; };
		A665286A26A85290008D78E0 /* MainTabBarController.swift in Sources */ = {isa = PBXBuildFile; fileRef = A665286926A85290008D78E0 /* MainTabBarController.swift */; };
		A665286F26A85293008D78E0 /* Assets.xcassets in Resources */ = {isa = PBXBuildFile; fileRef = A665286E26A85293008D78E0 /* Assets.xcassets */; };
		A665287226A85293008D78E0 /* LaunchScreen.storyboard in Resources */ = {isa = PBXBuildFile; fileRef = A665287026A85293008D78E0 /* LaunchScreen.storyboard */; };
		A665287D26A858BC008D78E0 /* ScheduleViewController.swift in Sources */ = {isa = PBXBuildFile; fileRef = A665287C26A858BC008D78E0 /* ScheduleViewController.swift */; };
		A665287F26A858CF008D78E0 /* TasksViewController.swift in Sources */ = {isa = PBXBuildFile; fileRef = A665287E26A858CF008D78E0 /* TasksViewController.swift */; };
		A665288126A858E1008D78E0 /* ContactsViewController.swift in Sources */ = {isa = PBXBuildFile; fileRef = A665288026A858E1008D78E0 /* ContactsViewController.swift */; };
		A665288526AF1E84008D78E0 /* ScheduleTableViewCell.swift in Sources */ = {isa = PBXBuildFile; fileRef = A665288426AF1E84008D78E0 /* ScheduleTableViewCell.swift */; };
		A665288926AF3763008D78E0 /* UIStackView.swift in Sources */ = {isa = PBXBuildFile; fileRef = A665288826AF3763008D78E0 /* UIStackView.swift */; };
		A665288B26AF5A44008D78E0 /* UILabel.swift in Sources */ = {isa = PBXBuildFile; fileRef = A665288A26AF5A44008D78E0 /* UILabel.swift */; };
		A665288D26AF61BA008D78E0 /* UIFont.swift in Sources */ = {isa = PBXBuildFile; fileRef = A665288C26AF61BA008D78E0 /* UIFont.swift */; };
		A665288F26AF6EC1008D78E0 /* TasksTableViewCell.swift in Sources */ = {isa = PBXBuildFile; fileRef = A665288E26AF6EC1008D78E0 /* TasksTableViewCell.swift */; };
		A665289226AF7A86008D78E0 /* PressButtonProtocols.swift in Sources */ = {isa = PBXBuildFile; fileRef = A665289126AF7A86008D78E0 /* PressButtonProtocols.swift */; };
		A665289426B00764008D78E0 /* ScheduleOptionsTableViewController.swift in Sources */ = {isa = PBXBuildFile; fileRef = A665289326B00764008D78E0 /* ScheduleOptionsTableViewController.swift */; };
		A665289B26B00D1B008D78E0 /* OptionsTableViewCell.swift in Sources */ = {isa = PBXBuildFile; fileRef = A665289A26B00D1B008D78E0 /* OptionsTableViewCell.swift */; };
		A665289D26B01450008D78E0 /* HeaderOptionsTableViewCell.swift in Sources */ = {isa = PBXBuildFile; fileRef = A665289C26B01450008D78E0 /* HeaderOptionsTableViewCell.swift */; };
		A66528A026B04E24008D78E0 /* AlertDate.swift in Sources */ = {isa = PBXBuildFile; fileRef = A665289F26B04E24008D78E0 /* AlertDate.swift */; };
		A66528A226B094BB008D78E0 /* AlertTime.swift in Sources */ = {isa = PBXBuildFile; fileRef = A66528A126B094BB008D78E0 /* AlertTime.swift */; };
		A66528A426B097EB008D78E0 /* AlertForCellName.swift in Sources */ = {isa = PBXBuildFile; fileRef = A66528A326B097EB008D78E0 /* AlertForCellName.swift */; };
		A66528A626B09CA4008D78E0 /* ScheduleColorsViewController.swift in Sources */ = {isa = PBXBuildFile; fileRef = A66528A526B09CA4008D78E0 /* ScheduleColorsViewController.swift */; };
		A66528A826B09CEB008D78E0 /* TeachersViewController.swift in Sources */ = {isa = PBXBuildFile; fileRef = A66528A726B09CEB008D78E0 /* TeachersViewController.swift */; };
		A68CFB7C26C9630E00A23DDA /* AlertPhotoCamera.swift in Sources */ = {isa = PBXBuildFile; fileRef = A68CFB7B26C9630E00A23DDA /* AlertPhotoCamera.swift */; };
		A68CFB7F26D8529600A23DDA /* Realm in Frameworks */ = {isa = PBXBuildFile; productRef = A68CFB7E26D8529600A23DDA /* Realm */; };
		A68CFB8126D8529600A23DDA /* RealmSwift in Frameworks */ = {isa = PBXBuildFile; productRef = A68CFB8026D8529600A23DDA /* RealmSwift */; };
		A68CFB8426D85B7B00A23DDA /* ScheduleModel.swift in Sources */ = {isa = PBXBuildFile; fileRef = A68CFB8326D85B7B00A23DDA /* ScheduleModel.swift */; };
		A6B2B85826ECA83100AF217C /* RealmManager.swift in Sources */ = {isa = PBXBuildFile; fileRef = A6B2B85726ECA83100AF217C /* RealmManager.swift */; };
		A6B2B85A26ED2FEC00AF217C /* UIColor.swift in Sources */ = {isa = PBXBuildFile; fileRef = A6B2B85926ED2FEC00AF217C /* UIColor.swift */; };
		A6B2B85C26EDDF2B00AF217C /* AlertOk.swift in Sources */ = {isa = PBXBuildFile; fileRef = A6B2B85B26EDDF2B00AF217C /* AlertOk.swift */; };
		A6B2B8A92701C72400AF217C /* TaskModel.swift in Sources */ = {isa = PBXBuildFile; fileRef = A6B2B8A82701C72400AF217C /* TaskModel.swift */; };
		A6B2B8AB2702572800AF217C /* ContactModel.swift in Sources */ = {isa = PBXBuildFile; fileRef = A6B2B8AA2702572800AF217C /* ContactModel.swift */; };
/* End PBXBuildFile section */

/* Begin PBXFileReference section */
		56F814E970FE88758BF1C6F0 /* Pods-organaizer.release.xcconfig */ = {isa = PBXFileReference; includeInIndex = 1; lastKnownFileType = text.xcconfig; name = "Pods-organaizer.release.xcconfig"; path = "Target Support Files/Pods-organaizer/Pods-organaizer.release.xcconfig"; sourceTree = "<group>"; };
		9A3AC08A26A64AE98F8F500A /* Pods_organaizer.framework */ = {isa = PBXFileReference; explicitFileType = wrapper.framework; includeInIndex = 0; path = Pods_organaizer.framework; sourceTree = BUILT_PRODUCTS_DIR; };
		A62C0E1F26B812F9003FD884 /* ColorsTableViewCell.swift */ = {isa = PBXFileReference; lastKnownFileType = sourcecode.swift; path = ColorsTableViewCell.swift; sourceTree = "<group>"; };
		A62C0E2126B8183C003FD884 /* TasksOptionsTableViewController.swift */ = {isa = PBXFileReference; lastKnownFileType = sourcecode.swift; path = TasksOptionsTableViewController.swift; sourceTree = "<group>"; };
		A62C0E2526B8258B003FD884 /* TaskColorsTableViewController.swift */ = {isa = PBXFileReference; lastKnownFileType = sourcecode.swift; path = TaskColorsTableViewController.swift; sourceTree = "<group>"; };
		A62C0E2826B875B6003FD884 /* ContactsTableViewCell.swift */ = {isa = PBXFileReference; lastKnownFileType = sourcecode.swift; path = ContactsTableViewCell.swift; sourceTree = "<group>"; };
		A62C0E2A26B8B267003FD884 /* ContactsOptionsTableViewController.swift */ = {isa = PBXFileReference; lastKnownFileType = sourcecode.swift; path = ContactsOptionsTableViewController.swift; sourceTree = "<group>"; };
		A62C0E2C26B9724E003FD884 /* AlertFriendOrTecher.swift */ = {isa = PBXFileReference; lastKnownFileType = sourcecode.swift; path = AlertFriendOrTecher.swift; sourceTree = "<group>"; };
		A665286226A85290008D78E0 /* organaizer.app */ = {isa = PBXFileReference; explicitFileType = wrapper.application; includeInIndex = 0; path = organaizer.app; sourceTree = BUILT_PRODUCTS_DIR; };
		A665286526A85290008D78E0 /* AppDelegate.swift */ = {isa = PBXFileReference; lastKnownFileType = sourcecode.swift; path = AppDelegate.swift; sourceTree = "<group>"; };
		A665286726A85290008D78E0 /* SceneDelegate.swift */ = {isa = PBXFileReference; lastKnownFileType = sourcecode.swift; path = SceneDelegate.swift; sourceTree = "<group>"; };
		A665286926A85290008D78E0 /* MainTabBarController.swift */ = {isa = PBXFileReference; lastKnownFileType = sourcecode.swift; path = MainTabBarController.swift; sourceTree = "<group>"; };
		A665286E26A85293008D78E0 /* Assets.xcassets */ = {isa = PBXFileReference; lastKnownFileType = folder.assetcatalog; path = Assets.xcassets; sourceTree = "<group>"; };
		A665287126A85293008D78E0 /* Base */ = {isa = PBXFileReference; lastKnownFileType = file.storyboard; name = Base; path = Base.lproj/LaunchScreen.storyboard; sourceTree = "<group>"; };
		A665287326A85293008D78E0 /* Info.plist */ = {isa = PBXFileReference; lastKnownFileType = text.plist.xml; path = Info.plist; sourceTree = "<group>"; };
		A665287C26A858BC008D78E0 /* ScheduleViewController.swift */ = {isa = PBXFileReference; lastKnownFileType = sourcecode.swift; path = ScheduleViewController.swift; sourceTree = "<group>"; };
		A665287E26A858CF008D78E0 /* TasksViewController.swift */ = {isa = PBXFileReference; lastKnownFileType = sourcecode.swift; path = TasksViewController.swift; sourceTree = "<group>"; };
		A665288026A858E1008D78E0 /* ContactsViewController.swift */ = {isa = PBXFileReference; lastKnownFileType = sourcecode.swift; path = ContactsViewController.swift; sourceTree = "<group>"; };
		A665288426AF1E84008D78E0 /* ScheduleTableViewCell.swift */ = {isa = PBXFileReference; lastKnownFileType = sourcecode.swift; path = ScheduleTableViewCell.swift; sourceTree = "<group>"; };
		A665288826AF3763008D78E0 /* UIStackView.swift */ = {isa = PBXFileReference; lastKnownFileType = sourcecode.swift; path = UIStackView.swift; sourceTree = "<group>"; };
		A665288A26AF5A44008D78E0 /* UILabel.swift */ = {isa = PBXFileReference; lastKnownFileType = sourcecode.swift; path = UILabel.swift; sourceTree = "<group>"; };
		A665288C26AF61BA008D78E0 /* UIFont.swift */ = {isa = PBXFileReference; lastKnownFileType = sourcecode.swift; path = UIFont.swift; sourceTree = "<group>"; };
		A665288E26AF6EC1008D78E0 /* TasksTableViewCell.swift */ = {isa = PBXFileReference; lastKnownFileType = sourcecode.swift; path = TasksTableViewCell.swift; sourceTree = "<group>"; };
		A665289126AF7A86008D78E0 /* PressButtonProtocols.swift */ = {isa = PBXFileReference; lastKnownFileType = sourcecode.swift; path = PressButtonProtocols.swift; sourceTree = "<group>"; };
		A665289326B00764008D78E0 /* ScheduleOptionsTableViewController.swift */ = {isa = PBXFileReference; lastKnownFileType = sourcecode.swift; path = ScheduleOptionsTableViewController.swift; sourceTree = "<group>"; };
		A665289A26B00D1B008D78E0 /* OptionsTableViewCell.swift */ = {isa = PBXFileReference; lastKnownFileType = sourcecode.swift; path = OptionsTableViewCell.swift; sourceTree = "<group>"; };
		A665289C26B01450008D78E0 /* HeaderOptionsTableViewCell.swift */ = {isa = PBXFileReference; lastKnownFileType = sourcecode.swift; path = HeaderOptionsTableViewCell.swift; sourceTree = "<group>"; };
		A665289F26B04E24008D78E0 /* AlertDate.swift */ = {isa = PBXFileReference; lastKnownFileType = sourcecode.swift; path = AlertDate.swift; sourceTree = "<group>"; };
		A66528A126B094BB008D78E0 /* AlertTime.swift */ = {isa = PBXFileReference; lastKnownFileType = sourcecode.swift; path = AlertTime.swift; sourceTree = "<group>"; };
		A66528A326B097EB008D78E0 /* AlertForCellName.swift */ = {isa = PBXFileReference; lastKnownFileType = sourcecode.swift; path = AlertForCellName.swift; sourceTree = "<group>"; };
		A66528A526B09CA4008D78E0 /* ScheduleColorsViewController.swift */ = {isa = PBXFileReference; lastKnownFileType = sourcecode.swift; path = ScheduleColorsViewController.swift; sourceTree = "<group>"; };
		A66528A726B09CEB008D78E0 /* TeachersViewController.swift */ = {isa = PBXFileReference; lastKnownFileType = sourcecode.swift; path = TeachersViewController.swift; sourceTree = "<group>"; };
		A68CFB7B26C9630E00A23DDA /* AlertPhotoCamera.swift */ = {isa = PBXFileReference; lastKnownFileType = sourcecode.swift; path = AlertPhotoCamera.swift; sourceTree = "<group>"; };
		A68CFB8326D85B7B00A23DDA /* ScheduleModel.swift */ = {isa = PBXFileReference; lastKnownFileType = sourcecode.swift; path = ScheduleModel.swift; sourceTree = "<group>"; };
		A6B2B85726ECA83100AF217C /* RealmManager.swift */ = {isa = PBXFileReference; lastKnownFileType = sourcecode.swift; path = RealmManager.swift; sourceTree = "<group>"; };
		A6B2B85926ED2FEC00AF217C /* UIColor.swift */ = {isa = PBXFileReference; lastKnownFileType = sourcecode.swift; path = UIColor.swift; sourceTree = "<group>"; };
		A6B2B85B26EDDF2B00AF217C /* AlertOk.swift */ = {isa = PBXFileReference; lastKnownFileType = sourcecode.swift; path = AlertOk.swift; sourceTree = "<group>"; };
		A6B2B8A82701C72400AF217C /* TaskModel.swift */ = {isa = PBXFileReference; lastKnownFileType = sourcecode.swift; path = TaskModel.swift; sourceTree = "<group>"; };
		A6B2B8AA2702572800AF217C /* ContactModel.swift */ = {isa = PBXFileReference; lastKnownFileType = sourcecode.swift; path = ContactModel.swift; sourceTree = "<group>"; };
		B5F892CB934C89EC7B372C63 /* Pods-organaizer.debug.xcconfig */ = {isa = PBXFileReference; includeInIndex = 1; lastKnownFileType = text.xcconfig; name = "Pods-organaizer.debug.xcconfig"; path = "Target Support Files/Pods-organaizer/Pods-organaizer.debug.xcconfig"; sourceTree = "<group>"; };
/* End PBXFileReference section */

/* Begin PBXFrameworksBuildPhase section */
		A665285F26A85290008D78E0 /* Frameworks */ = {
			isa = PBXFrameworksBuildPhase;
			buildActionMask = 2147483647;
			files = (
				A68CFB8126D8529600A23DDA /* RealmSwift in Frameworks */,
				A68CFB7F26D8529600A23DDA /* Realm in Frameworks */,
				841B65B81DAADF9A88449508 /* Pods_organaizer.framework in Frameworks */,
			);
			runOnlyForDeploymentPostprocessing = 0;
		};
/* End PBXFrameworksBuildPhase section */

/* Begin PBXGroup section */
		56DF6EBD60A6961A878CD4CD /* Frameworks */ = {
			isa = PBXGroup;
			children = (
				9A3AC08A26A64AE98F8F500A /* Pods_organaizer.framework */,
			);
			name = Frameworks;
			sourceTree = "<group>";
		};
		9D22708A92F3315AC03808C7 /* Pods */ = {
			isa = PBXGroup;
			children = (
				B5F892CB934C89EC7B372C63 /* Pods-organaizer.debug.xcconfig */,
				56F814E970FE88758BF1C6F0 /* Pods-organaizer.release.xcconfig */,
			);
			path = Pods;
			sourceTree = "<group>";
		};
		A62C0E2726B87570003FD884 /* Contacts */ = {
			isa = PBXGroup;
			children = (
				A62C0E2826B875B6003FD884 /* ContactsTableViewCell.swift */,
			);
			path = Contacts;
			sourceTree = "<group>";
		};
		A665285926A8528F008D78E0 = {
			isa = PBXGroup;
			children = (
				A665286426A85290008D78E0 /* organaizer */,
				A665286326A85290008D78E0 /* Products */,
				9D22708A92F3315AC03808C7 /* Pods */,
				56DF6EBD60A6961A878CD4CD /* Frameworks */,
			);
			sourceTree = "<group>";
		};
		A665286326A85290008D78E0 /* Products */ = {
			isa = PBXGroup;
			children = (
				A665286226A85290008D78E0 /* organaizer.app */,
			);
			name = Products;
			sourceTree = "<group>";
		};
		A665286426A85290008D78E0 /* organaizer */ = {
			isa = PBXGroup;
			children = (
				A665287926A853D2008D78E0 /* Aplication */,
				A665287A26A853E1008D78E0 /* Controllers */,
				A665288226AF1E4C008D78E0 /* Models */,
				A6B2B85626ECA7F800AF217C /* Services */,
				A665288626AF372E008D78E0 /* Extensions */,
				A665289026AF7A55008D78E0 /* Protocols */,
				A665287B26A853F6008D78E0 /* Resources */,
			);
			path = organaizer;
			sourceTree = "<group>";
		};
		A665287926A853D2008D78E0 /* Aplication */ = {
			isa = PBXGroup;
			children = (
				A665286526A85290008D78E0 /* AppDelegate.swift */,
				A665286726A85290008D78E0 /* SceneDelegate.swift */,
			);
			path = Aplication;
			sourceTree = "<group>";
		};
		A665287A26A853E1008D78E0 /* Controllers */ = {
			isa = PBXGroup;
			children = (
				A665286926A85290008D78E0 /* MainTabBarController.swift */,
				A665289526B00774008D78E0 /* SheduleViewController */,
				A665289626B0078F008D78E0 /* TasksViewController */,
				A665289726B0079E008D78E0 /* ContactsViewController */,
			);
			path = Controllers;
			sourceTree = "<group>";
		};
		A665287B26A853F6008D78E0 /* Resources */ = {
			isa = PBXGroup;
			children = (
				A665286E26A85293008D78E0 /* Assets.xcassets */,
				A665287026A85293008D78E0 /* LaunchScreen.storyboard */,
				A665287326A85293008D78E0 /* Info.plist */,
			);
			path = Resources;
			sourceTree = "<group>";
		};
		A665288226AF1E4C008D78E0 /* Models */ = {
			isa = PBXGroup;
			children = (
				A68CFB8226D85B4000A23DDA /* Realm */,
				A665289E26B04DFA008D78E0 /* Alert */,
				A665288326AF1E5A008D78E0 /* Cell */,
			);
			path = Models;
			sourceTree = "<group>";
		};
		A665288326AF1E5A008D78E0 /* Cell */ = {
			isa = PBXGroup;
			children = (
				A665289C26B01450008D78E0 /* HeaderOptionsTableViewCell.swift */,
				A62C0E1F26B812F9003FD884 /* ColorsTableViewCell.swift */,
				A665289A26B00D1B008D78E0 /* OptionsTableViewCell.swift */,
				A665289826B00CCF008D78E0 /* ScheduleCell */,
				A665289926B00CE2008D78E0 /* TasksCell */,
				A62C0E2726B87570003FD884 /* Contacts */,
			);
			path = Cell;
			sourceTree = "<group>";
		};
		A665288626AF372E008D78E0 /* Extensions */ = {
			isa = PBXGroup;
			children = (
				A665288726AF374A008D78E0 /* UIKit */,
			);
			path = Extensions;
			sourceTree = "<group>";
		};
		A665288726AF374A008D78E0 /* UIKit */ = {
			isa = PBXGroup;
			children = (
				A665288826AF3763008D78E0 /* UIStackView.swift */,
				A665288A26AF5A44008D78E0 /* UILabel.swift */,
				A665288C26AF61BA008D78E0 /* UIFont.swift */,
				A6B2B85926ED2FEC00AF217C /* UIColor.swift */,
			);
			path = UIKit;
			sourceTree = "<group>";
		};
		A665289026AF7A55008D78E0 /* Protocols */ = {
			isa = PBXGroup;
			children = (
				A665289126AF7A86008D78E0 /* PressButtonProtocols.swift */,
			);
			path = Protocols;
			sourceTree = "<group>";
		};
		A665289526B00774008D78E0 /* SheduleViewController */ = {
			isa = PBXGroup;
			children = (
				A665287C26A858BC008D78E0 /* ScheduleViewController.swift */,
				A665289326B00764008D78E0 /* ScheduleOptionsTableViewController.swift */,
				A66528A526B09CA4008D78E0 /* ScheduleColorsViewController.swift */,
			);
			path = SheduleViewController;
			sourceTree = "<group>";
		};
		A665289626B0078F008D78E0 /* TasksViewController */ = {
			isa = PBXGroup;
			children = (
				A665287E26A858CF008D78E0 /* TasksViewController.swift */,
				A62C0E2126B8183C003FD884 /* TasksOptionsTableViewController.swift */,
				A62C0E2526B8258B003FD884 /* TaskColorsTableViewController.swift */,
			);
			path = TasksViewController;
			sourceTree = "<group>";
		};
		A665289726B0079E008D78E0 /* ContactsViewController */ = {
			isa = PBXGroup;
			children = (
				A665288026A858E1008D78E0 /* ContactsViewController.swift */,
				A62C0E2A26B8B267003FD884 /* ContactsOptionsTableViewController.swift */,
				A66528A726B09CEB008D78E0 /* TeachersViewController.swift */,
			);
			path = ContactsViewController;
			sourceTree = "<group>";
		};
		A665289826B00CCF008D78E0 /* ScheduleCell */ = {
			isa = PBXGroup;
			children = (
				A665288426AF1E84008D78E0 /* ScheduleTableViewCell.swift */,
			);
			path = ScheduleCell;
			sourceTree = "<group>";
		};
		A665289926B00CE2008D78E0 /* TasksCell */ = {
			isa = PBXGroup;
			children = (
				A665288E26AF6EC1008D78E0 /* TasksTableViewCell.swift */,
			);
			path = TasksCell;
			sourceTree = "<group>";
		};
		A665289E26B04DFA008D78E0 /* Alert */ = {
			isa = PBXGroup;
			children = (
				A665289F26B04E24008D78E0 /* AlertDate.swift */,
				A66528A126B094BB008D78E0 /* AlertTime.swift */,
				A66528A326B097EB008D78E0 /* AlertForCellName.swift */,
				A6B2B85B26EDDF2B00AF217C /* AlertOk.swift */,
				A62C0E2C26B9724E003FD884 /* AlertFriendOrTecher.swift */,
				A68CFB7B26C9630E00A23DDA /* AlertPhotoCamera.swift */,
			);
			path = Alert;
			sourceTree = "<group>";
		};
		A68CFB8226D85B4000A23DDA /* Realm */ = {
			isa = PBXGroup;
			children = (
				A68CFB8326D85B7B00A23DDA /* ScheduleModel.swift */,
				A6B2B8A82701C72400AF217C /* TaskModel.swift */,
				A6B2B8AA2702572800AF217C /* ContactModel.swift */,
			);
			path = Realm;
			sourceTree = "<group>";
		};
		A6B2B85626ECA7F800AF217C /* Services */ = {
			isa = PBXGroup;
			children = (
				A6B2B85726ECA83100AF217C /* RealmManager.swift */,
			);
			path = Services;
			sourceTree = "<group>";
		};
/* End PBXGroup section */

/* Begin PBXNativeTarget section */
		A665286126A85290008D78E0 /* organaizer */ = {
			isa = PBXNativeTarget;
			buildConfigurationList = A665287626A85293008D78E0 /* Build configuration list for PBXNativeTarget "organaizer" */;
			buildPhases = (
				05ADC1F7ADAE860F12A1329E /* [CP] Check Pods Manifest.lock */,
				A665285E26A85290008D78E0 /* Sources */,
				A665285F26A85290008D78E0 /* Frameworks */,
				A665286026A85290008D78E0 /* Resources */,
				327BD2C1F55B675AC4DAE601 /* [CP] Embed Pods Frameworks */,
			);
			buildRules = (
			);
			dependencies = (
			);
			name = organaizer;
			packageProductDependencies = (
				A68CFB7E26D8529600A23DDA /* Realm */,
				A68CFB8026D8529600A23DDA /* RealmSwift */,
			);
			productName = organaizer;
			productReference = A665286226A85290008D78E0 /* organaizer.app */;
			productType = "com.apple.product-type.application";
		};
/* End PBXNativeTarget section */

/* Begin PBXProject section */
		A665285A26A8528F008D78E0 /* Project object */ = {
			isa = PBXProject;
			attributes = {
				LastSwiftUpdateCheck = 1250;
				LastUpgradeCheck = 1250;
				TargetAttributes = {
					A665286126A85290008D78E0 = {
						CreatedOnToolsVersion = 12.5;
					};
				};
			};
			buildConfigurationList = A665285D26A8528F008D78E0 /* Build configuration list for PBXProject "organaizer" */;
			compatibilityVersion = "Xcode 9.3";
			developmentRegion = en;
			hasScannedForEncodings = 0;
			knownRegions = (
				en,
				Base,
			);
			mainGroup = A665285926A8528F008D78E0;
			packageReferences = (
				A68CFB7D26D8529600A23DDA /* XCRemoteSwiftPackageReference "realm-cocoa" */,
			);
			productRefGroup = A665286326A85290008D78E0 /* Products */;
			projectDirPath = "";
			projectRoot = "";
			targets = (
				A665286126A85290008D78E0 /* organaizer */,
			);
		};
/* End PBXProject section */

/* Begin PBXResourcesBuildPhase section */
		A665286026A85290008D78E0 /* Resources */ = {
			isa = PBXResourcesBuildPhase;
			buildActionMask = 2147483647;
			files = (
				A665287226A85293008D78E0 /* LaunchScreen.storyboard in Resources */,
				A665286F26A85293008D78E0 /* Assets.xcassets in Resources */,
			);
			runOnlyForDeploymentPostprocessing = 0;
		};
/* End PBXResourcesBuildPhase section */

/* Begin PBXShellScriptBuildPhase section */
		05ADC1F7ADAE860F12A1329E /* [CP] Check Pods Manifest.lock */ = {
			isa = PBXShellScriptBuildPhase;
			buildActionMask = 2147483647;
			files = (
			);
			inputFileListPaths = (
			);
			inputPaths = (
				"${PODS_PODFILE_DIR_PATH}/Podfile.lock",
				"${PODS_ROOT}/Manifest.lock",
			);
			name = "[CP] Check Pods Manifest.lock";
			outputFileListPaths = (
			);
			outputPaths = (
				"$(DERIVED_FILE_DIR)/Pods-organaizer-checkManifestLockResult.txt",
			);
			runOnlyForDeploymentPostprocessing = 0;
			shellPath = /bin/sh;
			shellScript = "diff \"${PODS_PODFILE_DIR_PATH}/Podfile.lock\" \"${PODS_ROOT}/Manifest.lock\" > /dev/null\nif [ $? != 0 ] ; then\n    # print error to STDERR\n    echo \"error: The sandbox is not in sync with the Podfile.lock. Run 'pod install' or update your CocoaPods installation.\" >&2\n    exit 1\nfi\n# This output is used by Xcode 'outputs' to avoid re-running this script phase.\necho \"SUCCESS\" > \"${SCRIPT_OUTPUT_FILE_0}\"\n";
			showEnvVarsInLog = 0;
		};
		327BD2C1F55B675AC4DAE601 /* [CP] Embed Pods Frameworks */ = {
			isa = PBXShellScriptBuildPhase;
			buildActionMask = 2147483647;
			files = (
			);
			inputFileListPaths = (
				"${PODS_ROOT}/Target Support Files/Pods-organaizer/Pods-organaizer-frameworks-${CONFIGURATION}-input-files.xcfilelist",
			);
			name = "[CP] Embed Pods Frameworks";
			outputFileListPaths = (
				"${PODS_ROOT}/Target Support Files/Pods-organaizer/Pods-organaizer-frameworks-${CONFIGURATION}-output-files.xcfilelist",
			);
			runOnlyForDeploymentPostprocessing = 0;
			shellPath = /bin/sh;
			shellScript = "\"${PODS_ROOT}/Target Support Files/Pods-organaizer/Pods-organaizer-frameworks.sh\"\n";
			showEnvVarsInLog = 0;
		};
/* End PBXShellScriptBuildPhase section */

/* Begin PBXSourcesBuildPhase section */
		A665285E26A85290008D78E0 /* Sources */ = {
			isa = PBXSourcesBuildPhase;
			buildActionMask = 2147483647;
			files = (
				A66528A026B04E24008D78E0 /* AlertDate.swift in Sources */,
				A665286A26A85290008D78E0 /* MainTabBarController.swift in Sources */,
				A62C0E2026B812F9003FD884 /* ColorsTableViewCell.swift in Sources */,
				A665288526AF1E84008D78E0 /* ScheduleTableViewCell.swift in Sources */,
				A665286626A85290008D78E0 /* AppDelegate.swift in Sources */,
				A665288926AF3763008D78E0 /* UIStackView.swift in Sources */,
				A6B2B85C26EDDF2B00AF217C /* AlertOk.swift in Sources */,
				A66528A826B09CEB008D78E0 /* TeachersViewController.swift in Sources */,
				A66528A426B097EB008D78E0 /* AlertForCellName.swift in Sources */,
				A68CFB8426D85B7B00A23DDA /* ScheduleModel.swift in Sources */,
				A62C0E2926B875B6003FD884 /* ContactsTableViewCell.swift in Sources */,
				A665288B26AF5A44008D78E0 /* UILabel.swift in Sources */,
				A62C0E2B26B8B267003FD884 /* ContactsOptionsTableViewController.swift in Sources */,
				A665287F26A858CF008D78E0 /* TasksViewController.swift in Sources */,
				A6B2B8A92701C72400AF217C /* TaskModel.swift in Sources */,
				A62C0E2D26B9724E003FD884 /* AlertFriendOrTecher.swift in Sources */,
				A6B2B85826ECA83100AF217C /* RealmManager.swift in Sources */,
				A665286826A85290008D78E0 /* SceneDelegate.swift in Sources */,
				A66528A226B094BB008D78E0 /* AlertTime.swift in Sources */,
				A665287D26A858BC008D78E0 /* ScheduleViewController.swift in Sources */,
				A665288D26AF61BA008D78E0 /* UIFont.swift in Sources */,
				A6B2B85A26ED2FEC00AF217C /* UIColor.swift in Sources */,
				A665288126A858E1008D78E0 /* ContactsViewController.swift in Sources */,
				A665288F26AF6EC1008D78E0 /* TasksTableViewCell.swift in Sources */,
				A665289B26B00D1B008D78E0 /* OptionsTableViewCell.swift in Sources */,
				A665289226AF7A86008D78E0 /* PressButtonProtocols.swift in Sources */,
				A62C0E2226B8183C003FD884 /* TasksOptionsTableViewController.swift in Sources */,
				A68CFB7C26C9630E00A23DDA /* AlertPhotoCamera.swift in Sources */,
				A665289426B00764008D78E0 /* ScheduleOptionsTableViewController.swift in Sources */,
				A66528A626B09CA4008D78E0 /* ScheduleColorsViewController.swift in Sources */,
				A62C0E2626B8258B003FD884 /* TaskColorsTableViewController.swift in Sources */,
				A665289D26B01450008D78E0 /* HeaderOptionsTableViewCell.swift in Sources */,
				A6B2B8AB2702572800AF217C /* ContactModel.swift in Sources */,
			);
			runOnlyForDeploymentPostprocessing = 0;
		};
/* End PBXSourcesBuildPhase section */

/* Begin PBXVariantGroup section */
		A665287026A85293008D78E0 /* LaunchScreen.storyboard */ = {
			isa = PBXVariantGroup;
			children = (
				A665287126A85293008D78E0 /* Base */,
			);
			name = LaunchScreen.storyboard;
			sourceTree = "<group>";
		};
/* End PBXVariantGroup section */

/* Begin XCBuildConfiguration section */
		A665287426A85293008D78E0 /* Debug */ = {
			isa = XCBuildConfiguration;
			buildSettings = {
				ALWAYS_SEARCH_USER_PATHS = NO;
				CLANG_ANALYZER_NONNULL = YES;
				CLANG_ANALYZER_NUMBER_OBJECT_CONVERSION = YES_AGGRESSIVE;
				CLANG_CXX_LANGUAGE_STANDARD = "gnu++14";
				CLANG_CXX_LIBRARY = "libc++";
				CLANG_ENABLE_MODULES = YES;
				CLANG_ENABLE_OBJC_ARC = YES;
				CLANG_ENABLE_OBJC_WEAK = YES;
				CLANG_WARN_BLOCK_CAPTURE_AUTORELEASING = YES;
				CLANG_WARN_BOOL_CONVERSION = YES;
				CLANG_WARN_COMMA = YES;
				CLANG_WARN_CONSTANT_CONVERSION = YES;
				CLANG_WARN_DEPRECATED_OBJC_IMPLEMENTATIONS = YES;
				CLANG_WARN_DIRECT_OBJC_ISA_USAGE = YES_ERROR;
				CLANG_WARN_DOCUMENTATION_COMMENTS = YES;
				CLANG_WARN_EMPTY_BODY = YES;
				CLANG_WARN_ENUM_CONVERSION = YES;
				CLANG_WARN_INFINITE_RECURSION = YES;
				CLANG_WARN_INT_CONVERSION = YES;
				CLANG_WARN_NON_LITERAL_NULL_CONVERSION = YES;
				CLANG_WARN_OBJC_IMPLICIT_RETAIN_SELF = YES;
				CLANG_WARN_OBJC_LITERAL_CONVERSION = YES;
				CLANG_WARN_OBJC_ROOT_CLASS = YES_ERROR;
				CLANG_WARN_QUOTED_INCLUDE_IN_FRAMEWORK_HEADER = YES;
				CLANG_WARN_RANGE_LOOP_ANALYSIS = YES;
				CLANG_WARN_STRICT_PROTOTYPES = YES;
				CLANG_WARN_SUSPICIOUS_MOVE = YES;
				CLANG_WARN_UNGUARDED_AVAILABILITY = YES_AGGRESSIVE;
				CLANG_WARN_UNREACHABLE_CODE = YES;
				CLANG_WARN__DUPLICATE_METHOD_MATCH = YES;
				COPY_PHASE_STRIP = NO;
				DEBUG_INFORMATION_FORMAT = dwarf;
				ENABLE_STRICT_OBJC_MSGSEND = YES;
				ENABLE_TESTABILITY = YES;
				GCC_C_LANGUAGE_STANDARD = gnu11;
				GCC_DYNAMIC_NO_PIC = NO;
				GCC_NO_COMMON_BLOCKS = YES;
				GCC_OPTIMIZATION_LEVEL = 0;
				GCC_PREPROCESSOR_DEFINITIONS = (
					"DEBUG=1",
					"$(inherited)",
				);
				GCC_WARN_64_TO_32_BIT_CONVERSION = YES;
				GCC_WARN_ABOUT_RETURN_TYPE = YES_ERROR;
				GCC_WARN_UNDECLARED_SELECTOR = YES;
				GCC_WARN_UNINITIALIZED_AUTOS = YES_AGGRESSIVE;
				GCC_WARN_UNUSED_FUNCTION = YES;
				GCC_WARN_UNUSED_VARIABLE = YES;
				IPHONEOS_DEPLOYMENT_TARGET = 14.5;
				MTL_ENABLE_DEBUG_INFO = INCLUDE_SOURCE;
				MTL_FAST_MATH = YES;
				ONLY_ACTIVE_ARCH = YES;
				SDKROOT = iphoneos;
				SWIFT_ACTIVE_COMPILATION_CONDITIONS = DEBUG;
				SWIFT_OPTIMIZATION_LEVEL = "-Onone";
			};
			name = Debug;
		};
		A665287526A85293008D78E0 /* Release */ = {
			isa = XCBuildConfiguration;
			buildSettings = {
				ALWAYS_SEARCH_USER_PATHS = NO;
				CLANG_ANALYZER_NONNULL = YES;
				CLANG_ANALYZER_NUMBER_OBJECT_CONVERSION = YES_AGGRESSIVE;
				CLANG_CXX_LANGUAGE_STANDARD = "gnu++14";
				CLANG_CXX_LIBRARY = "libc++";
				CLANG_ENABLE_MODULES = YES;
				CLANG_ENABLE_OBJC_ARC = YES;
				CLANG_ENABLE_OBJC_WEAK = YES;
				CLANG_WARN_BLOCK_CAPTURE_AUTORELEASING = YES;
				CLANG_WARN_BOOL_CONVERSION = YES;
				CLANG_WARN_COMMA = YES;
				CLANG_WARN_CONSTANT_CONVERSION = YES;
				CLANG_WARN_DEPRECATED_OBJC_IMPLEMENTATIONS = YES;
				CLANG_WARN_DIRECT_OBJC_ISA_USAGE = YES_ERROR;
				CLANG_WARN_DOCUMENTATION_COMMENTS = YES;
				CLANG_WARN_EMPTY_BODY = YES;
				CLANG_WARN_ENUM_CONVERSION = YES;
				CLANG_WARN_INFINITE_RECURSION = YES;
				CLANG_WARN_INT_CONVERSION = YES;
				CLANG_WARN_NON_LITERAL_NULL_CONVERSION = YES;
				CLANG_WARN_OBJC_IMPLICIT_RETAIN_SELF = YES;
				CLANG_WARN_OBJC_LITERAL_CONVERSION = YES;
				CLANG_WARN_OBJC_ROOT_CLASS = YES_ERROR;
				CLANG_WARN_QUOTED_INCLUDE_IN_FRAMEWORK_HEADER = YES;
				CLANG_WARN_RANGE_LOOP_ANALYSIS = YES;
				CLANG_WARN_STRICT_PROTOTYPES = YES;
				CLANG_WARN_SUSPICIOUS_MOVE = YES;
				CLANG_WARN_UNGUARDED_AVAILABILITY = YES_AGGRESSIVE;
				CLANG_WARN_UNREACHABLE_CODE = YES;
				CLANG_WARN__DUPLICATE_METHOD_MATCH = YES;
				COPY_PHASE_STRIP = NO;
				DEBUG_INFORMATION_FORMAT = "dwarf-with-dsym";
				ENABLE_NS_ASSERTIONS = NO;
				ENABLE_STRICT_OBJC_MSGSEND = YES;
				GCC_C_LANGUAGE_STANDARD = gnu11;
				GCC_NO_COMMON_BLOCKS = YES;
				GCC_WARN_64_TO_32_BIT_CONVERSION = YES;
				GCC_WARN_ABOUT_RETURN_TYPE = YES_ERROR;
				GCC_WARN_UNDECLARED_SELECTOR = YES;
				GCC_WARN_UNINITIALIZED_AUTOS = YES_AGGRESSIVE;
				GCC_WARN_UNUSED_FUNCTION = YES;
				GCC_WARN_UNUSED_VARIABLE = YES;
				IPHONEOS_DEPLOYMENT_TARGET = 14.5;
				MTL_ENABLE_DEBUG_INFO = NO;
				MTL_FAST_MATH = YES;
				SDKROOT = iphoneos;
				SWIFT_COMPILATION_MODE = wholemodule;
				SWIFT_OPTIMIZATION_LEVEL = "-O";
				VALIDATE_PRODUCT = YES;
			};
			name = Release;
		};
		A665287726A85293008D78E0 /* Debug */ = {
			isa = XCBuildConfiguration;
			baseConfigurationReference = B5F892CB934C89EC7B372C63 /* Pods-organaizer.debug.xcconfig */;
			buildSettings = {
				ASSETCATALOG_COMPILER_APPICON_NAME = AppIcon;
				ASSETCATALOG_COMPILER_GLOBAL_ACCENT_COLOR_NAME = AccentColor;
				CODE_SIGN_STYLE = Automatic;
				DEVELOPMENT_TEAM = 9Y94J8V38R;
				INFOPLIST_FILE = organaizer/Resources/Info.plist;
				LD_RUNPATH_SEARCH_PATHS = (
					"$(inherited)",
					"@executable_path/Frameworks",
				);
				PRODUCT_BUNDLE_IDENTIFIER = vorobey.Aleksandr.organaizer;
				PRODUCT_NAME = "$(TARGET_NAME)";
				SWIFT_VERSION = 5.0;
				TARGETED_DEVICE_FAMILY = "1,2";
			};
			name = Debug;
		};
		A665287826A85293008D78E0 /* Release */ = {
			isa = XCBuildConfiguration;
			baseConfigurationReference = 56F814E970FE88758BF1C6F0 /* Pods-organaizer.release.xcconfig */;
			buildSettings = {
				ASSETCATALOG_COMPILER_APPICON_NAME = AppIcon;
				ASSETCATALOG_COMPILER_GLOBAL_ACCENT_COLOR_NAME = AccentColor;
				CODE_SIGN_STYLE = Automatic;
				DEVELOPMENT_TEAM = 9Y94J8V38R;
				INFOPLIST_FILE = organaizer/Resources/Info.plist;
				LD_RUNPATH_SEARCH_PATHS = (
					"$(inherited)",
					"@executable_path/Frameworks",
				);
				PRODUCT_BUNDLE_IDENTIFIER = vorobey.Aleksandr.organaizer;
				PRODUCT_NAME = "$(TARGET_NAME)";
				SWIFT_VERSION = 5.0;
				TARGETED_DEVICE_FAMILY = "1,2";
			};
			name = Release;
		};
/* End XCBuildConfiguration section */

/* Begin XCConfigurationList section */
		A665285D26A8528F008D78E0 /* Build configuration list for PBXProject "organaizer" */ = {
			isa = XCConfigurationList;
			buildConfigurations = (
				A665287426A85293008D78E0 /* Debug */,
				A665287526A85293008D78E0 /* Release */,
			);
			defaultConfigurationIsVisible = 0;
			defaultConfigurationName = Release;
		};
		A665287626A85293008D78E0 /* Build configuration list for PBXNativeTarget "organaizer" */ = {
			isa = XCConfigurationList;
			buildConfigurations = (
				A665287726A85293008D78E0 /* Debug */,
				A665287826A85293008D78E0 /* Release */,
			);
			defaultConfigurationIsVisible = 0;
			defaultConfigurationName = Release;
		};
/* End XCConfigurationList section */

/* Begin XCRemoteSwiftPackageReference section */
		A68CFB7D26D8529600A23DDA /* XCRemoteSwiftPackageReference "realm-cocoa" */ = {
			isa = XCRemoteSwiftPackageReference;
			repositoryURL = "https://github.com/realm/realm-cocoa.git";
			requirement = {
				kind = upToNextMajorVersion;
				minimumVersion = 10.13.0;
			};
		};
/* End XCRemoteSwiftPackageReference section */

/* Begin XCSwiftPackageProductDependency section */
		A68CFB7E26D8529600A23DDA /* Realm */ = {
			isa = XCSwiftPackageProductDependency;
			package = A68CFB7D26D8529600A23DDA /* XCRemoteSwiftPackageReference "realm-cocoa" */;
			productName = Realm;
		};
		A68CFB8026D8529600A23DDA /* RealmSwift */ = {
			isa = XCSwiftPackageProductDependency;
			package = A68CFB7D26D8529600A23DDA /* XCRemoteSwiftPackageReference "realm-cocoa" */;
			productName = RealmSwift;
		};
/* End XCSwiftPackageProductDependency section */
	};
	rootObject = A665285A26A8528F008D78E0 /* Project object */;
}
